// !$*UTF8*$!
{
	archiveVersion = 1;
	classes = {
	};
	objectVersion = 46;
	objects = {

/* Begin PBXBuildFile section */
		CF9591751EF5C9270024877E /* AppDelegate.swift in Sources */ = {isa = PBXBuildFile; fileRef = CF9591741EF5C9270024877E /* AppDelegate.swift */; };
		CF95917A1EF5C9270024877E /* Main.storyboard in Resources */ = {isa = PBXBuildFile; fileRef = CF9591781EF5C9270024877E /* Main.storyboard */; };
		CF95917F1EF5C9270024877E /* LaunchScreen.storyboard in Resources */ = {isa = PBXBuildFile; fileRef = CF95917D1EF5C9270024877E /* LaunchScreen.storyboard */; };
		CF95918A1EF5C9270024877E /* gestureRecognizersTests.swift in Sources */ = {isa = PBXBuildFile; fileRef = CF9591891EF5C9270024877E /* gestureRecognizersTests.swift */; };
		CF9591951EF5C9280024877E /* gestureRecognizersUITests.swift in Sources */ = {isa = PBXBuildFile; fileRef = CF9591941EF5C9280024877E /* gestureRecognizersUITests.swift */; };
		CF9591A51EF719270024877E /* Assets.xcassets in Resources */ = {isa = PBXBuildFile; fileRef = CF9591A41EF719270024877E /* Assets.xcassets */; };
		CF9591A61EF719270024877E /* Assets.xcassets in Resources */ = {isa = PBXBuildFile; fileRef = CF9591A41EF719270024877E /* Assets.xcassets */; };
		CF9591A71EF719270024877E /* Assets.xcassets in Resources */ = {isa = PBXBuildFile; fileRef = CF9591A41EF719270024877E /* Assets.xcassets */; };
		CF9591A91EF72D0F0024877E /* TapVC.swift in Sources */ = {isa = PBXBuildFile; fileRef = CF9591A81EF72D0F0024877E /* TapVC.swift */; };
		CF9591AA1EF72D0F0024877E /* TapVC.swift in Sources */ = {isa = PBXBuildFile; fileRef = CF9591A81EF72D0F0024877E /* TapVC.swift */; };
		CF9591AB1EF72D0F0024877E /* TapVC.swift in Sources */ = {isa = PBXBuildFile; fileRef = CF9591A81EF72D0F0024877E /* TapVC.swift */; };
		CF9591AD1EF7BCD60024877E /* PinchVC.swift in Sources */ = {isa = PBXBuildFile; fileRef = CF9591AC1EF7BCD50024877E /* PinchVC.swift */; };
		CF9591AE1EF7BCD60024877E /* PinchVC.swift in Sources */ = {isa = PBXBuildFile; fileRef = CF9591AC1EF7BCD50024877E /* PinchVC.swift */; };
		CF9591AF1EF7BCD60024877E /* PinchVC.swift in Sources */ = {isa = PBXBuildFile; fileRef = CF9591AC1EF7BCD50024877E /* PinchVC.swift */; };
		CF9591B11EF7C2C40024877E /* SwipeVC.swift in Sources */ = {isa = PBXBuildFile; fileRef = CF9591B01EF7C2C40024877E /* SwipeVC.swift */; };
		CF9591B21EF7C2C40024877E /* SwipeVC.swift in Sources */ = {isa = PBXBuildFile; fileRef = CF9591B01EF7C2C40024877E /* SwipeVC.swift */; };
		CF9591B31EF7C2C40024877E /* SwipeVC.swift in Sources */ = {isa = PBXBuildFile; fileRef = CF9591B01EF7C2C40024877E /* SwipeVC.swift */; };
		CF9591B51EF874510024877E /* RotateVC.swift in Sources */ = {isa = PBXBuildFile; fileRef = CF9591B41EF874510024877E /* RotateVC.swift */; };
		CF9591B61EF874510024877E /* RotateVC.swift in Sources */ = {isa = PBXBuildFile; fileRef = CF9591B41EF874510024877E /* RotateVC.swift */; };
		CF9591B71EF874510024877E /* RotateVC.swift in Sources */ = {isa = PBXBuildFile; fileRef = CF9591B41EF874510024877E /* RotateVC.swift */; };
		CF9591B91EF925C20024877E /* PanVC.swift in Sources */ = {isa = PBXBuildFile; fileRef = CF9591B81EF925C20024877E /* PanVC.swift */; };
		CF9591BA1EF925C20024877E /* PanVC.swift in Sources */ = {isa = PBXBuildFile; fileRef = CF9591B81EF925C20024877E /* PanVC.swift */; };
		CF9591BB1EF925C20024877E /* PanVC.swift in Sources */ = {isa = PBXBuildFile; fileRef = CF9591B81EF925C20024877E /* PanVC.swift */; };
/* End PBXBuildFile section */

/* Begin PBXContainerItemProxy section */
		CF9591861EF5C9270024877E /* PBXContainerItemProxy */ = {
			isa = PBXContainerItemProxy;
			containerPortal = CF9591691EF5C9270024877E /* Project object */;
			proxyType = 1;
			remoteGlobalIDString = CF9591701EF5C9270024877E;
			remoteInfo = gestureRecognizers;
		};
		CF9591911EF5C9270024877E /* PBXContainerItemProxy */ = {
			isa = PBXContainerItemProxy;
			containerPortal = CF9591691EF5C9270024877E /* Project object */;
			proxyType = 1;
			remoteGlobalIDString = CF9591701EF5C9270024877E;
			remoteInfo = gestureRecognizers;
		};
/* End PBXContainerItemProxy section */

/* Begin PBXFileReference section */
		CF9591711EF5C9270024877E /* gestureRecognizers.app */ = {isa = PBXFileReference; explicitFileType = wrapper.application; includeInIndex = 0; path = gestureRecognizers.app; sourceTree = BUILT_PRODUCTS_DIR; };
		CF9591741EF5C9270024877E /* AppDelegate.swift */ = {isa = PBXFileReference; lastKnownFileType = sourcecode.swift; path = AppDelegate.swift; sourceTree = "<group>"; };
		CF9591791EF5C9270024877E /* Base */ = {isa = PBXFileReference; lastKnownFileType = file.storyboard; name = Base; path = Base.lproj/Main.storyboard; sourceTree = "<group>"; };
		CF95917E1EF5C9270024877E /* Base */ = {isa = PBXFileReference; lastKnownFileType = file.storyboard; name = Base; path = Base.lproj/LaunchScreen.storyboard; sourceTree = "<group>"; };
		CF9591801EF5C9270024877E /* Info.plist */ = {isa = PBXFileReference; lastKnownFileType = text.plist.xml; path = Info.plist; sourceTree = "<group>"; };
		CF9591851EF5C9270024877E /* gestureRecognizersTests.xctest */ = {isa = PBXFileReference; explicitFileType = wrapper.cfbundle; includeInIndex = 0; path = gestureRecognizersTests.xctest; sourceTree = BUILT_PRODUCTS_DIR; };
		CF9591891EF5C9270024877E /* gestureRecognizersTests.swift */ = {isa = PBXFileReference; lastKnownFileType = sourcecode.swift; path = gestureRecognizersTests.swift; sourceTree = "<group>"; };
		CF95918B1EF5C9270024877E /* Info.plist */ = {isa = PBXFileReference; lastKnownFileType = text.plist.xml; path = Info.plist; sourceTree = "<group>"; };
		CF9591901EF5C9270024877E /* gestureRecognizersUITests.xctest */ = {isa = PBXFileReference; explicitFileType = wrapper.cfbundle; includeInIndex = 0; path = gestureRecognizersUITests.xctest; sourceTree = BUILT_PRODUCTS_DIR; };
		CF9591941EF5C9280024877E /* gestureRecognizersUITests.swift */ = {isa = PBXFileReference; lastKnownFileType = sourcecode.swift; path = gestureRecognizersUITests.swift; sourceTree = "<group>"; };
		CF9591961EF5C9280024877E /* Info.plist */ = {isa = PBXFileReference; lastKnownFileType = text.plist.xml; path = Info.plist; sourceTree = "<group>"; };
		CF9591A41EF719270024877E /* Assets.xcassets */ = {isa = PBXFileReference; lastKnownFileType = folder.assetcatalog; path = Assets.xcassets; sourceTree = "<group>"; };
		CF9591A81EF72D0F0024877E /* TapVC.swift */ = {isa = PBXFileReference; fileEncoding = 4; lastKnownFileType = sourcecode.swift; path = TapVC.swift; sourceTree = "<group>"; };
		CF9591AC1EF7BCD50024877E /* PinchVC.swift */ = {isa = PBXFileReference; fileEncoding = 4; lastKnownFileType = sourcecode.swift; path = PinchVC.swift; sourceTree = "<group>"; };
		CF9591B01EF7C2C40024877E /* SwipeVC.swift */ = {isa = PBXFileReference; fileEncoding = 4; lastKnownFileType = sourcecode.swift; path = SwipeVC.swift; sourceTree = "<group>"; };
		CF9591B41EF874510024877E /* RotateVC.swift */ = {isa = PBXFileReference; fileEncoding = 4; lastKnownFileType = sourcecode.swift; path = RotateVC.swift; sourceTree = "<group>"; };
		CF9591B81EF925C20024877E /* PanVC.swift */ = {isa = PBXFileReference; fileEncoding = 4; lastKnownFileType = sourcecode.swift; path = PanVC.swift; sourceTree = "<group>"; };
/* End PBXFileReference section */

/* Begin PBXFrameworksBuildPhase section */
		CF95916E1EF5C9270024877E /* Frameworks */ = {
			isa = PBXFrameworksBuildPhase;
			buildActionMask = 2147483647;
			files = (
			);
			runOnlyForDeploymentPostprocessing = 0;
		};
		CF9591821EF5C9270024877E /* Frameworks */ = {
			isa = PBXFrameworksBuildPhase;
			buildActionMask = 2147483647;
			files = (
			);
			runOnlyForDeploymentPostprocessing = 0;
		};
		CF95918D1EF5C9270024877E /* Frameworks */ = {
			isa = PBXFrameworksBuildPhase;
			buildActionMask = 2147483647;
			files = (
			);
			runOnlyForDeploymentPostprocessing = 0;
		};
/* End PBXFrameworksBuildPhase section */

/* Begin PBXGroup section */
		CF9591681EF5C9270024877E = {
			isa = PBXGroup;
			children = (
				CF9591731EF5C9270024877E /* gestureRecognizers */,
				CF9591881EF5C9270024877E /* gestureRecognizersTests */,
				CF9591931EF5C9280024877E /* gestureRecognizersUITests */,
				CF9591721EF5C9270024877E /* Products */,
			);
			sourceTree = "<group>";
		};
		CF9591721EF5C9270024877E /* Products */ = {
			isa = PBXGroup;
			children = (
				CF9591711EF5C9270024877E /* gestureRecognizers.app */,
				CF9591851EF5C9270024877E /* gestureRecognizersTests.xctest */,
				CF9591901EF5C9270024877E /* gestureRecognizersUITests.xctest */,
			);
			name = Products;
			sourceTree = "<group>";
		};
		CF9591731EF5C9270024877E /* gestureRecognizers */ = {
			isa = PBXGroup;
			children = (
				CF9591741EF5C9270024877E /* AppDelegate.swift */,
				CF9591A81EF72D0F0024877E /* TapVC.swift */,
				CF9591AC1EF7BCD50024877E /* PinchVC.swift */,
				CF9591B41EF874510024877E /* RotateVC.swift */,
				CF9591B01EF7C2C40024877E /* SwipeVC.swift */,
				CF9591B81EF925C20024877E /* PanVC.swift */,
				CF9591A41EF719270024877E /* Assets.xcassets */,
				CF9591781EF5C9270024877E /* Main.storyboard */,
				CF95917D1EF5C9270024877E /* LaunchScreen.storyboard */,
				CF9591801EF5C9270024877E /* Info.plist */,
			);
			path = gestureRecognizers;
			sourceTree = "<group>";
		};
		CF9591881EF5C9270024877E /* gestureRecognizersTests */ = {
			isa = PBXGroup;
			children = (
				CF9591891EF5C9270024877E /* gestureRecognizersTests.swift */,
				CF95918B1EF5C9270024877E /* Info.plist */,
			);
			path = gestureRecognizersTests;
			sourceTree = "<group>";
		};
		CF9591931EF5C9280024877E /* gestureRecognizersUITests */ = {
			isa = PBXGroup;
			children = (
				CF9591941EF5C9280024877E /* gestureRecognizersUITests.swift */,
				CF9591961EF5C9280024877E /* Info.plist */,
			);
			path = gestureRecognizersUITests;
			sourceTree = "<group>";
		};
/* End PBXGroup section */

/* Begin PBXNativeTarget section */
		CF9591701EF5C9270024877E /* gestureRecognizers */ = {
			isa = PBXNativeTarget;
			buildConfigurationList = CF9591991EF5C9280024877E /* Build configuration list for PBXNativeTarget "gestureRecognizers" */;
			buildPhases = (
				CF95916D1EF5C9270024877E /* Sources */,
				CF95916E1EF5C9270024877E /* Frameworks */,
				CF95916F1EF5C9270024877E /* Resources */,
			);
			buildRules = (
			);
			dependencies = (
			);
			name = gestureRecognizers;
			productName = gestureRecognizers;
			productReference = CF9591711EF5C9270024877E /* gestureRecognizers.app */;
			productType = "com.apple.product-type.application";
		};
		CF9591841EF5C9270024877E /* gestureRecognizersTests */ = {
			isa = PBXNativeTarget;
			buildConfigurationList = CF95919C1EF5C9280024877E /* Build configuration list for PBXNativeTarget "gestureRecognizersTests" */;
			buildPhases = (
				CF9591811EF5C9270024877E /* Sources */,
				CF9591821EF5C9270024877E /* Frameworks */,
				CF9591831EF5C9270024877E /* Resources */,
			);
			buildRules = (
			);
			dependencies = (
				CF9591871EF5C9270024877E /* PBXTargetDependency */,
			);
			name = gestureRecognizersTests;
			productName = gestureRecognizersTests;
			productReference = CF9591851EF5C9270024877E /* gestureRecognizersTests.xctest */;
			productType = "com.apple.product-type.bundle.unit-test";
		};
		CF95918F1EF5C9270024877E /* gestureRecognizersUITests */ = {
			isa = PBXNativeTarget;
			buildConfigurationList = CF95919F1EF5C9280024877E /* Build configuration list for PBXNativeTarget "gestureRecognizersUITests" */;
			buildPhases = (
				CF95918C1EF5C9270024877E /* Sources */,
				CF95918D1EF5C9270024877E /* Frameworks */,
				CF95918E1EF5C9270024877E /* Resources */,
			);
			buildRules = (
			);
			dependencies = (
				CF9591921EF5C9270024877E /* PBXTargetDependency */,
			);
			name = gestureRecognizersUITests;
			productName = gestureRecognizersUITests;
			productReference = CF9591901EF5C9270024877E /* gestureRecognizersUITests.xctest */;
			productType = "com.apple.product-type.bundle.ui-testing";
		};
/* End PBXNativeTarget section */

/* Begin PBXProject section */
		CF9591691EF5C9270024877E /* Project object */ = {
			isa = PBXProject;
			attributes = {
				LastSwiftUpdateCheck = 0830;
				LastUpgradeCheck = 0830;
				ORGANIZATIONNAME = "Luthfi Fathur Rahman";
				TargetAttributes = {
					CF9591701EF5C9270024877E = {
						CreatedOnToolsVersion = 8.3.3;
						DevelopmentTeam = 2L6QV2N95T;
						ProvisioningStyle = Automatic;
					};
					CF9591841EF5C9270024877E = {
						CreatedOnToolsVersion = 8.3.3;
						DevelopmentTeam = 2L6QV2N95T;
						ProvisioningStyle = Automatic;
						TestTargetID = CF9591701EF5C9270024877E;
					};
					CF95918F1EF5C9270024877E = {
						CreatedOnToolsVersion = 8.3.3;
						DevelopmentTeam = 2L6QV2N95T;
						ProvisioningStyle = Automatic;
						TestTargetID = CF9591701EF5C9270024877E;
					};
				};
			};
			buildConfigurationList = CF95916C1EF5C9270024877E /* Build configuration list for PBXProject "gestureRecognizers" */;
			compatibilityVersion = "Xcode 3.2";
			developmentRegion = English;
			hasScannedForEncodings = 0;
			knownRegions = (
				en,
				Base,
			);
			mainGroup = CF9591681EF5C9270024877E;
			productRefGroup = CF9591721EF5C9270024877E /* Products */;
			projectDirPath = "";
			projectRoot = "";
			targets = (
				CF9591701EF5C9270024877E /* gestureRecognizers */,
				CF9591841EF5C9270024877E /* gestureRecognizersTests */,
				CF95918F1EF5C9270024877E /* gestureRecognizersUITests */,
			);
		};
/* End PBXProject section */

/* Begin PBXResourcesBuildPhase section */
		CF95916F1EF5C9270024877E /* Resources */ = {
			isa = PBXResourcesBuildPhase;
			buildActionMask = 2147483647;
			files = (
				CF95917F1EF5C9270024877E /* LaunchScreen.storyboard in Resources */,
				CF9591A51EF719270024877E /* Assets.xcassets in Resources */,
				CF95917A1EF5C9270024877E /* Main.storyboard in Resources */,
			);
			runOnlyForDeploymentPostprocessing = 0;
		};
		CF9591831EF5C9270024877E /* Resources */ = {
			isa = PBXResourcesBuildPhase;
			buildActionMask = 2147483647;
			files = (
				CF9591A61EF719270024877E /* Assets.xcassets in Resources */,
			);
			runOnlyForDeploymentPostprocessing = 0;
		};
		CF95918E1EF5C9270024877E /* Resources */ = {
			isa = PBXResourcesBuildPhase;
			buildActionMask = 2147483647;
			files = (
				CF9591A71EF719270024877E /* Assets.xcassets in Resources */,
			);
			runOnlyForDeploymentPostprocessing = 0;
		};
/* End PBXResourcesBuildPhase section */

/* Begin PBXSourcesBuildPhase section */
		CF95916D1EF5C9270024877E /* Sources */ = {
			isa = PBXSourcesBuildPhase;
			buildActionMask = 2147483647;
			files = (
				CF9591AD1EF7BCD60024877E /* PinchVC.swift in Sources */,
				CF9591B11EF7C2C40024877E /* SwipeVC.swift in Sources */,
				CF9591B91EF925C20024877E /* PanVC.swift in Sources */,
				CF9591B51EF874510024877E /* RotateVC.swift in Sources */,
				CF9591A91EF72D0F0024877E /* TapVC.swift in Sources */,
				CF9591751EF5C9270024877E /* AppDelegate.swift in Sources */,
			);
			runOnlyForDeploymentPostprocessing = 0;
		};
		CF9591811EF5C9270024877E /* Sources */ = {
			isa = PBXSourcesBuildPhase;
			buildActionMask = 2147483647;
			files = (
				CF9591AE1EF7BCD60024877E /* PinchVC.swift in Sources */,
				CF9591B21EF7C2C40024877E /* SwipeVC.swift in Sources */,
				CF9591BA1EF925C20024877E /* PanVC.swift in Sources */,
				CF9591B61EF874510024877E /* RotateVC.swift in Sources */,
				CF9591AA1EF72D0F0024877E /* TapVC.swift in Sources */,
				CF95918A1EF5C9270024877E /* gestureRecognizersTests.swift in Sources */,
			);
			runOnlyForDeploymentPostprocessing = 0;
		};
		CF95918C1EF5C9270024877E /* Sources */ = {
			isa = PBXSourcesBuildPhase;
			buildActionMask = 2147483647;
			files = (
				CF9591AF1EF7BCD60024877E /* PinchVC.swift in Sources */,
				CF9591B31EF7C2C40024877E /* SwipeVC.swift in Sources */,
				CF9591BB1EF925C20024877E /* PanVC.swift in Sources */,
				CF9591B71EF874510024877E /* RotateVC.swift in Sources */,
				CF9591AB1EF72D0F0024877E /* TapVC.swift in Sources */,
				CF9591951EF5C9280024877E /* gestureRecognizersUITests.swift in Sources */,
			);
			runOnlyForDeploymentPostprocessing = 0;
		};
/* End PBXSourcesBuildPhase section */

/* Begin PBXTargetDependency section */
		CF9591871EF5C9270024877E /* PBXTargetDependency */ = {
			isa = PBXTargetDependency;
			target = CF9591701EF5C9270024877E /* gestureRecognizers */;
			targetProxy = CF9591861EF5C9270024877E /* PBXContainerItemProxy */;
		};
		CF9591921EF5C9270024877E /* PBXTargetDependency */ = {
			isa = PBXTargetDependency;
			target = CF9591701EF5C9270024877E /* gestureRecognizers */;
			targetProxy = CF9591911EF5C9270024877E /* PBXContainerItemProxy */;
		};
/* End PBXTargetDependency section */

/* Begin PBXVariantGroup section */
		CF9591781EF5C9270024877E /* Main.storyboard */ = {
			isa = PBXVariantGroup;
			children = (
				CF9591791EF5C9270024877E /* Base */,
			);
			name = Main.storyboard;
			sourceTree = "<group>";
		};
		CF95917D1EF5C9270024877E /* LaunchScreen.storyboard */ = {
			isa = PBXVariantGroup;
			children = (
				CF95917E1EF5C9270024877E /* Base */,
			);
			name = LaunchScreen.storyboard;
			sourceTree = "<group>";
		};
/* End PBXVariantGroup section */

/* Begin XCBuildConfiguration section */
		CF9591971EF5C9280024877E /* Debug */ = {
			isa = XCBuildConfiguration;
			buildSettings = {
				ALWAYS_SEARCH_USER_PATHS = NO;
				CLANG_ANALYZER_NONNULL = YES;
				CLANG_ANALYZER_NUMBER_OBJECT_CONVERSION = YES_AGGRESSIVE;
				CLANG_CXX_LANGUAGE_STANDARD = "gnu++0x";
				CLANG_CXX_LIBRARY = "libc++";
				CLANG_ENABLE_MODULES = YES;
				CLANG_ENABLE_OBJC_ARC = YES;
				CLANG_WARN_BOOL_CONVERSION = YES;
				CLANG_WARN_CONSTANT_CONVERSION = YES;
				CLANG_WARN_DIRECT_OBJC_ISA_USAGE = YES_ERROR;
				CLANG_WARN_DOCUMENTATION_COMMENTS = YES;
				CLANG_WARN_EMPTY_BODY = YES;
				CLANG_WARN_ENUM_CONVERSION = YES;
				CLANG_WARN_INFINITE_RECURSION = YES;
				CLANG_WARN_INT_CONVERSION = YES;
				CLANG_WARN_OBJC_ROOT_CLASS = YES_ERROR;
				CLANG_WARN_SUSPICIOUS_MOVE = YES;
				CLANG_WARN_UNREACHABLE_CODE = YES;
				CLANG_WARN__DUPLICATE_METHOD_MATCH = YES;
				"CODE_SIGN_IDENTITY[sdk=iphoneos*]" = "iPhone Developer";
				COPY_PHASE_STRIP = NO;
				DEBUG_INFORMATION_FORMAT = dwarf;
				ENABLE_STRICT_OBJC_MSGSEND = YES;
				ENABLE_TESTABILITY = YES;
				GCC_C_LANGUAGE_STANDARD = gnu99;
				GCC_DYNAMIC_NO_PIC = NO;
				GCC_NO_COMMON_BLOCKS = YES;
				GCC_OPTIMIZATION_LEVEL = 0;
				GCC_PREPROCESSOR_DEFINITIONS = (
					"DEBUG=1",
					"$(inherited)",
				);
				GCC_WARN_64_TO_32_BIT_CONVERSION = YES;
				GCC_WARN_ABOUT_RETURN_TYPE = YES_ERROR;
				GCC_WARN_UNDECLARED_SELECTOR = YES;
				GCC_WARN_UNINITIALIZED_AUTOS = YES_AGGRESSIVE;
				GCC_WARN_UNUSED_FUNCTION = YES;
				GCC_WARN_UNUSED_VARIABLE = YES;
				IPHONEOS_DEPLOYMENT_TARGET = 10.3;
				MTL_ENABLE_DEBUG_INFO = YES;
				ONLY_ACTIVE_ARCH = YES;
				SDKROOT = iphoneos;
				SWIFT_ACTIVE_COMPILATION_CONDITIONS = DEBUG;
				SWIFT_OPTIMIZATION_LEVEL = "-Onone";
			};
			name = Debug;
		};
		CF9591981EF5C9280024877E /* Release */ = {
			isa = XCBuildConfiguration;
			buildSettings = {
				ALWAYS_SEARCH_USER_PATHS = NO;
				CLANG_ANALYZER_NONNULL = YES;
				CLANG_ANALYZER_NUMBER_OBJECT_CONVERSION = YES_AGGRESSIVE;
				CLANG_CXX_LANGUAGE_STANDARD = "gnu++0x";
				CLANG_CXX_LIBRARY = "libc++";
				CLANG_ENABLE_MODULES = YES;
				CLANG_ENABLE_OBJC_ARC = YES;
				CLANG_WARN_BOOL_CONVERSION = YES;
				CLANG_WARN_CONSTANT_CONVERSION = YES;
				CLANG_WARN_DIRECT_OBJC_ISA_USAGE = YES_ERROR;
				CLANG_WARN_DOCUMENTATION_COMMENTS = YES;
				CLANG_WARN_EMPTY_BODY = YES;
				CLANG_WARN_ENUM_CONVERSION = YES;
				CLANG_WARN_INFINITE_RECURSION = YES;
				CLANG_WARN_INT_CONVERSION = YES;
				CLANG_WARN_OBJC_ROOT_CLASS = YES_ERROR;
				CLANG_WARN_SUSPICIOUS_MOVE = YES;
				CLANG_WARN_UNREACHABLE_CODE = YES;
				CLANG_WARN__DUPLICATE_METHOD_MATCH = YES;
				"CODE_SIGN_IDENTITY[sdk=iphoneos*]" = "iPhone Developer";
				COPY_PHASE_STRIP = NO;
				DEBUG_INFORMATION_FORMAT = "dwarf-with-dsym";
				ENABLE_NS_ASSERTIONS = NO;
				ENABLE_STRICT_OBJC_MSGSEND = YES;
				GCC_C_LANGUAGE_STANDARD = gnu99;
				GCC_NO_COMMON_BLOCKS = YES;
				GCC_WARN_64_TO_32_BIT_CONVERSION = YES;
				GCC_WARN_ABOUT_RETURN_TYPE = YES_ERROR;
				GCC_WARN_UNDECLARED_SELECTOR = YES;
				GCC_WARN_UNINITIALIZED_AUTOS = YES_AGGRESSIVE;
				GCC_WARN_UNUSED_FUNCTION = YES;
				GCC_WARN_UNUSED_VARIABLE = YES;
				IPHONEOS_DEPLOYMENT_TARGET = 10.3;
				MTL_ENABLE_DEBUG_INFO = NO;
				SDKROOT = iphoneos;
				SWIFT_OPTIMIZATION_LEVEL = "-Owholemodule";
				VALIDATE_PRODUCT = YES;
			};
			name = Release;
		};
		CF95919A1EF5C9280024877E /* Debug */ = {
			isa = XCBuildConfiguration;
			buildSettings = {
				ASSETCATALOG_COMPILER_APPICON_NAME = AppIcon;
				DEVELOPMENT_TEAM = 2L6QV2N95T;
				INFOPLIST_FILE = gestureRecognizers/Info.plist;
				LD_RUNPATH_SEARCH_PATHS = "$(inherited) @executable_path/Frameworks";
				PRODUCT_BUNDLE_IDENTIFIER = com.luthfifathurrahman.gestureRecognizers;
				PRODUCT_NAME = "$(TARGET_NAME)";
				SWIFT_VERSION = 3.0;
			};
			name = Debug;
		};
		CF95919B1EF5C9280024877E /* Release */ = {
			isa = XCBuildConfiguration;
			buildSettings = {
				ASSETCATALOG_COMPILER_APPICON_NAME = AppIcon;
				DEVELOPMENT_TEAM = 2L6QV2N95T;
				INFOPLIST_FILE = gestureRecognizers/Info.plist;
				LD_RUNPATH_SEARCH_PATHS = "$(inherited) @executable_path/Frameworks";
				PRODUCT_BUNDLE_IDENTIFIER = com.luthfifathurrahman.gestureRecognizers;
				PRODUCT_NAME = "$(TARGET_NAME)";
				SWIFT_VERSION = 3.0;
			};
			name = Release;
		};
		CF95919D1EF5C9280024877E /* Debug */ = {
			isa = XCBuildConfiguration;
			buildSettings = {
				ALWAYS_EMBED_SWIFT_STANDARD_LIBRARIES = YES;
				BUNDLE_LOADER = "$(TEST_HOST)";
				DEVELOPMENT_TEAM = 2L6QV2N95T;
				INFOPLIST_FILE = gestureRecognizersTests/Info.plist;
				LD_RUNPATH_SEARCH_PATHS = "$(inherited) @executable_path/Frameworks @loader_path/Frameworks";
				PRODUCT_BUNDLE_IDENTIFIER = com.luthfifathurrahman.gestureRecognizersTests;
				PRODUCT_NAME = "$(TARGET_NAME)";
				SWIFT_VERSION = 3.0;
				TEST_HOST = "$(BUILT_PRODUCTS_DIR)/gestureRecognizers.app/gestureRecognizers";
			};
			name = Debug;
		};
		CF95919E1EF5C9280024877E /* Release */ = {
			isa = XCBuildConfiguration;
			buildSettings = {
				ALWAYS_EMBED_SWIFT_STANDARD_LIBRARIES = YES;
				BUNDLE_LOADER = "$(TEST_HOST)";
				DEVELOPMENT_TEAM = 2L6QV2N95T;
				INFOPLIST_FILE = gestureRecognizersTests/Info.plist;
				LD_RUNPATH_SEARCH_PATHS = "$(inherited) @executable_path/Frameworks @loader_path/Frameworks";
				PRODUCT_BUNDLE_IDENTIFIER = com.luthfifathurrahman.gestureRecognizersTests;
				PRODUCT_NAME = "$(TARGET_NAME)";
				SWIFT_VERSION = 3.0;
				TEST_HOST = "$(BUILT_PRODUCTS_DIR)/gestureRecognizers.app/gestureRecognizers";
			};
			name = Release;
		};
		CF9591A01EF5C9280024877E /* Debug */ = {
			isa = XCBuildConfiguration;
			buildSettings = {
				ALWAYS_EMBED_SWIFT_STANDARD_LIBRARIES = YES;
				DEVELOPMENT_TEAM = 2L6QV2N95T;
				INFOPLIST_FILE = gestureRecognizersUITests/Info.plist;
				LD_RUNPATH_SEARCH_PATHS = "$(inherited) @executable_path/Frameworks @loader_path/Frameworks";
				PRODUCT_BUNDLE_IDENTIFIER = com.luthfifathurrahman.gestureRecognizersUITests;
				PRODUCT_NAME = "$(TARGET_NAME)";
				SWIFT_VERSION = 3.0;
				TEST_TARGET_NAME = gestureRecognizers;
			};
			name = Debug;
		};
		CF9591A11EF5C9280024877E /* Release */ = {
			isa = XCBuildConfiguration;
			buildSettings = {
				ALWAYS_EMBED_SWIFT_STANDARD_LIBRARIES = YES;
				DEVELOPMENT_TEAM = 2L6QV2N95T;
				INFOPLIST_FILE = gestureRecognizersUITests/Info.plist;
				LD_RUNPATH_SEARCH_PATHS = "$(inherited) @executable_path/Frameworks @loader_path/Frameworks";
				PRODUCT_BUNDLE_IDENTIFIER = com.luthfifathurrahman.gestureRecognizersUITests;
				PRODUCT_NAME = "$(TARGET_NAME)";
				SWIFT_VERSION = 3.0;
				TEST_TARGET_NAME = gestureRecognizers;
			};
			name = Release;
		};
/* End XCBuildConfiguration section */

/* Begin XCConfigurationList section */
		CF95916C1EF5C9270024877E /* Build configuration list for PBXProject "gestureRecognizers" */ = {
			isa = XCConfigurationList;
			buildConfigurations = (
				CF9591971EF5C9280024877E /* Debug */,
				CF9591981EF5C9280024877E /* Release */,
			);
			defaultConfigurationIsVisible = 0;
			defaultConfigurationName = Release;
		};
		CF9591991EF5C9280024877E /* Build configuration list for PBXNativeTarget "gestureRecognizers" */ = {
			isa = XCConfigurationList;
			buildConfigurations = (
				CF95919A1EF5C9280024877E /* Debug */,
				CF95919B1EF5C9280024877E /* Release */,
			);
			defaultConfigurationIsVisible = 0;
			defaultConfigurationName = Release;
		};
		CF95919C1EF5C9280024877E /* Build configuration list for PBXNativeTarget "gestureRecognizersTests" */ = {
			isa = XCConfigurationList;
			buildConfigurations = (
				CF95919D1EF5C9280024877E /* Debug */,
				CF95919E1EF5C9280024877E /* Release */,
			);
			defaultConfigurationIsVisible = 0;
			defaultConfigurationName = Release;
		};
		CF95919F1EF5C9280024877E /* Build configuration list for PBXNativeTarget "gestureRecognizersUITests" */ = {
			isa = XCConfigurationList;
			buildConfigurations = (
				CF9591A01EF5C9280024877E /* Debug */,
				CF9591A11EF5C9280024877E /* Release */,
			);
			defaultConfigurationIsVisible = 0;
			defaultConfigurationName = Release;
		};
/* End XCConfigurationList section */
	};
	rootObject = CF9591691EF5C9270024877E /* Project object */;
}
